PODS:
  - Nimble (8.0.2)
  - PODDIGIPROSDK (1.0.2):
    - PODDIGIPROSDK/Core (= 1.0.2)
  - PODDIGIPROSDK/Core (1.0.2)
  - Quick (2.1.0)

DEPENDENCIES:
  - Nimble
  - PODDIGIPROSDK (from `../`)
  - Quick

SPEC REPOS:
  https://github.com/cocoapods/specs.git:
    - Nimble
    - Quick

EXTERNAL SOURCES:
  PODDIGIPROSDK:
    :path: "../"

SPEC CHECKSUMS:
  Nimble: 622629381bda1dd5678162f21f1368cec7cbba60
  PODDIGIPROSDK: 6fd0ea3806cb2f42c88428dbed95ae16d0761fad
  Quick: 4be43f6634acfa727dd106bdf3929ce125ffa79d

PODFILE CHECKSUM: 46f0fa9eca84a83996293e29b6821805186fd821

COCOAPODS: 1.7.2
